
Microsoft Visual Studio Solution File, Format Version 12.00
# Visual Studio Version 17
VisualStudioVersion = 17.13.35825.156
MinimumVisualStudioVersion = 10.0.40219.1
Project("{FAE04EC0-301F-11D3-BF4B-00C04F79EFBC}") = "PresentationLayer", "PresentationLayer.csproj", "{714C3E07-5C6E-4451-B821-C0BC483CF718}"
EndProject
Project("{FAE04EC0-301F-11D3-BF4B-00C04F79EFBC}") = "DataLayer", "..\DataLayer\DataLayer.csproj", "{5717D105-E42B-4005-94F8-B96A8036492C}"
EndProject
Project("{FAE04EC0-301F-11D3-BF4B-00C04F79EFBC}") = "BusinessLayer", "..\BusinessLayer\BusinessLayer.csproj", "{B4A30DC1-4B47-4571-BB43-16B058308FA9}"
EndProject
Project("{FAE04EC0-301F-11D3-BF4B-00C04F79EFBC}") = "DataTransferObject", "..\DataTransferObject\DataTransferObject.csproj", "{513B25E5-9F6E-42A1-A637-FA30303792D4}"
EndProject
Global
	GlobalSection(SolutionConfigurationPlatforms) = preSolution
		Debug|Any CPU = Debug|Any CPU
		Release|Any CPU = Release|Any CPU
	EndGlobalSection
	GlobalSection(ProjectConfigurationPlatforms) = postSolution
		{714C3E07-5C6E-4451-B821-C0BC483CF718}.Debug|Any CPU.ActiveCfg = Debug|Any CPU
		{714C3E07-5C6E-4451-B821-C0BC483CF718}.Debug|Any CPU.Build.0 = Debug|Any CPU
		{714C3E07-5C6E-4451-B821-C0BC483CF718}.Release|Any CPU.ActiveCfg = Release|Any CPU
		{714C3E07-5C6E-4451-B821-C0BC483CF718}.Release|Any CPU.Build.0 = Release|Any CPU
		{5717D105-E42B-4005-94F8-B96A8036492C}.Debug|Any CPU.ActiveCfg = Debug|Any CPU
		{5717D105-E42B-4005-94F8-B96A8036492C}.Debug|Any CPU.Build.0 = Debug|Any CPU
		{5717D105-E42B-4005-94F8-B96A8036492C}.Release|Any CPU.ActiveCfg = Release|Any CPU
		{5717D105-E42B-4005-94F8-B96A8036492C}.Release|Any CPU.Build.0 = Release|Any CPU
		{B4A30DC1-4B47-4571-BB43-16B058308FA9}.Debug|Any CPU.ActiveCfg = Debug|Any CPU
		{B4A30DC1-4B47-4571-BB43-16B058308FA9}.Debug|Any CPU.Build.0 = Debug|Any CPU
		{B4A30DC1-4B47-4571-BB43-16B058308FA9}.Release|Any CPU.ActiveCfg = Release|Any CPU
		{B4A30DC1-4B47-4571-BB43-16B058308FA9}.Release|Any CPU.Build.0 = Release|Any CPU
		{513B25E5-9F6E-42A1-A637-FA30303792D4}.Debug|Any CPU.ActiveCfg = Debug|Any CPU
		{513B25E5-9F6E-42A1-A637-FA30303792D4}.Debug|Any CPU.Build.0 = Debug|Any CPU
		{513B25E5-9F6E-42A1-A637-FA30303792D4}.Release|Any CPU.ActiveCfg = Release|Any CPU
		{513B25E5-9F6E-42A1-A637-FA30303792D4}.Release|Any CPU.Build.0 = Release|Any CPU
	EndGlobalSection
	GlobalSection(SolutionProperties) = preSolution
		HideSolutionNode = FALSE
	EndGlobalSection
	GlobalSection(ExtensibilityGlobals) = postSolution
		SolutionGuid = {C2DA19C3-4F18-4117-BFB8-9EBF3643C675}
	EndGlobalSection
EndGlobal
